
Microsoft Visual Studio Solution File, Format Version 12.00
# Visual Studio Version 16
VisualStudioVersion = 16.0.31229.75
MinimumVisualStudioVersion = 10.0.40219.1
Project("{9A19103F-16F7-4668-BE54-9A1E7A4F7556}") = "ChildHealthBook.Gateway.API", "ChildHealthBook.Gateway.API\ChildHealthBook.Gateway.API.csproj", "{1E8C14DC-E38E-4721-B74D-74E600D5337E}"
	ProjectSection(ProjectDependencies) = postProject
		{47AFA414-1579-48FA-A19C-52F12D32EFE1} = {47AFA414-1579-48FA-A19C-52F12D32EFE1}
	EndProjectSection
EndProject
Project("{9A19103F-16F7-4668-BE54-9A1E7A4F7556}") = "ChildHealthBook.Child.API", "ChildHealthBook.Child.API\ChildHealthBook.Child.API.csproj", "{FF932306-B364-4479-B300-0A3099346AFB}"
	ProjectSection(ProjectDependencies) = postProject
		{47AFA414-1579-48FA-A19C-52F12D32EFE1} = {47AFA414-1579-48FA-A19C-52F12D32EFE1}
	EndProjectSection
EndProject
Project("{9A19103F-16F7-4668-BE54-9A1E7A4F7556}") = "ChildHealthBook.Analytics.API", "ChildHealthBook.Analytics.API\ChildHealthBook.Analytics.API.csproj", "{E333CE7C-BEB5-4141-B10C-7D021D72A44E}"
	ProjectSection(ProjectDependencies) = postProject
		{47AFA414-1579-48FA-A19C-52F12D32EFE1} = {47AFA414-1579-48FA-A19C-52F12D32EFE1}
	EndProjectSection
EndProject
Project("{9A19103F-16F7-4668-BE54-9A1E7A4F7556}") = "ChildHealthBook.Common", "ChildHealthBook.Common\ChildHealthBook.Common.csproj", "{47AFA414-1579-48FA-A19C-52F12D32EFE1}"
EndProject
Project("{E53339B2-1760-4266-BCC7-CA923CBCF16C}") = "docker-compose", "docker-compose.dcproj", "{EA8B5BD9-61CB-480E-9D94-E08ED6E00555}"
EndProject
Project("{9A19103F-16F7-4668-BE54-9A1E7A4F7556}") = "ChildHealthBook.Web", "ChildHealthBook.Web\ChildHealthBook.Web.csproj", "{8096F20D-DAF6-46A4-B84F-8F17A21E17E2}"
EndProject
Project("{9A19103F-16F7-4668-BE54-9A1E7A4F7556}") = "ChildHealthBook.Identity.API", "ChildHealthBook.Identity.API\ChildHealthBook.Identity.API.csproj", "{CFC13B09-004E-42FD-A1A6-1DD593D17DB1}"
EndProject
Project("{FAE04EC0-301F-11D3-BF4B-00C04F79EFBC}") = "ChildHealthBook.Notification.Service", "ChildHealthBook.Notification.Service\ChildHealthBook.Notification.Service.csproj", "{C6F4EDFC-894B-4C9B-A39B-4CAE1D62D29E}"
EndProject
Global
	GlobalSection(SolutionConfigurationPlatforms) = preSolution
		Debug|Any CPU = Debug|Any CPU
		Release|Any CPU = Release|Any CPU
	EndGlobalSection
	GlobalSection(ProjectConfigurationPlatforms) = postSolution
		{1E8C14DC-E38E-4721-B74D-74E600D5337E}.Debug|Any CPU.ActiveCfg = Debug|Any CPU
		{1E8C14DC-E38E-4721-B74D-74E600D5337E}.Debug|Any CPU.Build.0 = Debug|Any CPU
		{1E8C14DC-E38E-4721-B74D-74E600D5337E}.Release|Any CPU.ActiveCfg = Release|Any CPU
		{1E8C14DC-E38E-4721-B74D-74E600D5337E}.Release|Any CPU.Build.0 = Release|Any CPU
		{FF932306-B364-4479-B300-0A3099346AFB}.Debug|Any CPU.ActiveCfg = Debug|Any CPU
		{FF932306-B364-4479-B300-0A3099346AFB}.Debug|Any CPU.Build.0 = Debug|Any CPU
		{FF932306-B364-4479-B300-0A3099346AFB}.Release|Any CPU.ActiveCfg = Release|Any CPU
		{FF932306-B364-4479-B300-0A3099346AFB}.Release|Any CPU.Build.0 = Release|Any CPU
		{E333CE7C-BEB5-4141-B10C-7D021D72A44E}.Debug|Any CPU.ActiveCfg = Debug|Any CPU
		{E333CE7C-BEB5-4141-B10C-7D021D72A44E}.Debug|Any CPU.Build.0 = Debug|Any CPU
		{E333CE7C-BEB5-4141-B10C-7D021D72A44E}.Release|Any CPU.ActiveCfg = Release|Any CPU
		{E333CE7C-BEB5-4141-B10C-7D021D72A44E}.Release|Any CPU.Build.0 = Release|Any CPU
		{47AFA414-1579-48FA-A19C-52F12D32EFE1}.Debug|Any CPU.ActiveCfg = Debug|Any CPU
		{47AFA414-1579-48FA-A19C-52F12D32EFE1}.Debug|Any CPU.Build.0 = Debug|Any CPU
		{47AFA414-1579-48FA-A19C-52F12D32EFE1}.Release|Any CPU.ActiveCfg = Release|Any CPU
		{47AFA414-1579-48FA-A19C-52F12D32EFE1}.Release|Any CPU.Build.0 = Release|Any CPU
		{EA8B5BD9-61CB-480E-9D94-E08ED6E00555}.Debug|Any CPU.ActiveCfg = Debug|Any CPU
		{EA8B5BD9-61CB-480E-9D94-E08ED6E00555}.Debug|Any CPU.Build.0 = Debug|Any CPU
		{EA8B5BD9-61CB-480E-9D94-E08ED6E00555}.Release|Any CPU.ActiveCfg = Release|Any CPU
		{EA8B5BD9-61CB-480E-9D94-E08ED6E00555}.Release|Any CPU.Build.0 = Release|Any CPU
		{8096F20D-DAF6-46A4-B84F-8F17A21E17E2}.Debug|Any CPU.ActiveCfg = Debug|Any CPU
		{8096F20D-DAF6-46A4-B84F-8F17A21E17E2}.Debug|Any CPU.Build.0 = Debug|Any CPU
		{8096F20D-DAF6-46A4-B84F-8F17A21E17E2}.Release|Any CPU.ActiveCfg = Release|Any CPU
		{8096F20D-DAF6-46A4-B84F-8F17A21E17E2}.Release|Any CPU.Build.0 = Release|Any CPU
		{CFC13B09-004E-42FD-A1A6-1DD593D17DB1}.Debug|Any CPU.ActiveCfg = Debug|Any CPU
		{CFC13B09-004E-42FD-A1A6-1DD593D17DB1}.Debug|Any CPU.Build.0 = Debug|Any CPU
		{CFC13B09-004E-42FD-A1A6-1DD593D17DB1}.Release|Any CPU.ActiveCfg = Release|Any CPU
		{CFC13B09-004E-42FD-A1A6-1DD593D17DB1}.Release|Any CPU.Build.0 = Release|Any CPU
		{C6F4EDFC-894B-4C9B-A39B-4CAE1D62D29E}.Debug|Any CPU.ActiveCfg = Debug|Any CPU
		{C6F4EDFC-894B-4C9B-A39B-4CAE1D62D29E}.Debug|Any CPU.Build.0 = Debug|Any CPU
		{C6F4EDFC-894B-4C9B-A39B-4CAE1D62D29E}.Release|Any CPU.ActiveCfg = Release|Any CPU
		{C6F4EDFC-894B-4C9B-A39B-4CAE1D62D29E}.Release|Any CPU.Build.0 = Release|Any CPU
	EndGlobalSection
	GlobalSection(SolutionProperties) = preSolution
		HideSolutionNode = FALSE
	EndGlobalSection
	GlobalSection(ExtensibilityGlobals) = postSolution
		SolutionGuid = {1BBFCAF2-1F83-4125-AED9-0D3CAB1D6E26}
	EndGlobalSection
EndGlobal
